
Microsoft Visual Studio Solution File, Format Version 12.00
# Visual Studio 15
VisualStudioVersion = 15.0.27703.2026
MinimumVisualStudioVersion = 10.0.40219.1
Project("{FAE04EC0-301F-11D3-BF4B-00C04F79EFBC}") = "Lab_29", "Lab_29\Lab_29.csproj", "{B20F32C8-462B-4C37-9318-7BD1F417163B}"
EndProject
Global
	GlobalSection(SolutionConfigurationPlatforms) = preSolution
		Debug|Any CPU = Debug|Any CPU
		Release|Any CPU = Release|Any CPU
	EndGlobalSection
	GlobalSection(ProjectConfigurationPlatforms) = postSolution
		{B20F32C8-462B-4C37-9318-7BD1F417163B}.Debug|Any CPU.ActiveCfg = Debug|Any CPU
		{B20F32C8-462B-4C37-9318-7BD1F417163B}.Debug|Any CPU.Build.0 = Debug|Any CPU
		{B20F32C8-462B-4C37-9318-7BD1F417163B}.Release|Any CPU.ActiveCfg = Release|Any CPU
		{B20F32C8-462B-4C37-9318-7BD1F417163B}.Release|Any CPU.Build.0 = Release|Any CPU
	EndGlobalSection
	GlobalSection(SolutionProperties) = preSolution
		HideSolutionNode = FALSE
	EndGlobalSection
	GlobalSection(ExtensibilityGlobals) = postSolution
		SolutionGuid = {39EF8208-10A2-4163-8287-996225C8150E}
	EndGlobalSection
EndGlobal
